// !$*UTF8*$!
{
	archiveVersion = 1;
	classes = {
	};
	objectVersion = 46;
	objects = {

/* Begin PBXBuildFile section */
		7CE04BC01950EEEF00DE97F7 /* Foundation.framework in Frameworks */ = {isa = PBXBuildFile; fileRef = 7CE04BBF1950EEEF00DE97F7 /* Foundation.framework */; };
		7CE04BC21950EEEF00DE97F7 /* CoreGraphics.framework in Frameworks */ = {isa = PBXBuildFile; fileRef = 7CE04BC11950EEEF00DE97F7 /* CoreGraphics.framework */; };
		7CE04BC41950EEEF00DE97F7 /* UIKit.framework in Frameworks */ = {isa = PBXBuildFile; fileRef = 7CE04BC31950EEEF00DE97F7 /* UIKit.framework */; };
		7CE04BCA1950EEEF00DE97F7 /* InfoPlist.strings in Resources */ = {isa = PBXBuildFile; fileRef = 7CE04BC81950EEEF00DE97F7 /* InfoPlist.strings */; };
		7CE04BCC1950EEEF00DE97F7 /* main.m in Sources */ = {isa = PBXBuildFile; fileRef = 7CE04BCB1950EEEF00DE97F7 /* main.m */; };
		7CE04BD01950EEEF00DE97F7 /* WLAppDelegate.m in Sources */ = {isa = PBXBuildFile; fileRef = 7CE04BCF1950EEEF00DE97F7 /* WLAppDelegate.m */; };
		7CE04BD31950EEEF00DE97F7 /* Main.storyboard in Resources */ = {isa = PBXBuildFile; fileRef = 7CE04BD11950EEEF00DE97F7 /* Main.storyboard */; };
		7CE04BD61950EEEF00DE97F7 /* WLViewController.m in Sources */ = {isa = PBXBuildFile; fileRef = 7CE04BD51950EEEF00DE97F7 /* WLViewController.m */; };
		7CE04BD81950EEEF00DE97F7 /* Images.xcassets in Resources */ = {isa = PBXBuildFile; fileRef = 7CE04BD71950EEEF00DE97F7 /* Images.xcassets */; };
		7CE04BDF1950EEEF00DE97F7 /* XCTest.framework in Frameworks */ = {isa = PBXBuildFile; fileRef = 7CE04BDE1950EEEF00DE97F7 /* XCTest.framework */; };
		7CE04BE01950EEEF00DE97F7 /* Foundation.framework in Frameworks */ = {isa = PBXBuildFile; fileRef = 7CE04BBF1950EEEF00DE97F7 /* Foundation.framework */; };
		7CE04BE11950EEEF00DE97F7 /* UIKit.framework in Frameworks */ = {isa = PBXBuildFile; fileRef = 7CE04BC31950EEEF00DE97F7 /* UIKit.framework */; };
		7CE04BE91950EEEF00DE97F7 /* InfoPlist.strings in Resources */ = {isa = PBXBuildFile; fileRef = 7CE04BE71950EEEF00DE97F7 /* InfoPlist.strings */; };
		7CE04BEB1950EEEF00DE97F7 /* Pirate_AdventureTests.m in Sources */ = {isa = PBXBuildFile; fileRef = 7CE04BEA1950EEEF00DE97F7 /* Pirate_AdventureTests.m */; };
/* End PBXBuildFile section */

/* Begin PBXContainerItemProxy section */
		7CE04BE21950EEEF00DE97F7 /* PBXContainerItemProxy */ = {
			isa = PBXContainerItemProxy;
			containerPortal = 7CE04BB41950EEEF00DE97F7 /* Project object */;
			proxyType = 1;
			remoteGlobalIDString = 7CE04BBB1950EEEF00DE97F7;
			remoteInfo = "Pirate Adventure";
		};
/* End PBXContainerItemProxy section */

/* Begin PBXFileReference section */
		7CE04BBC1950EEEF00DE97F7 /* Pirate Adventure.app */ = {isa = PBXFileReference; explicitFileType = wrapper.application; includeInIndex = 0; path = "Pirate Adventure.app"; sourceTree = BUILT_PRODUCTS_DIR; };
		7CE04BBF1950EEEF00DE97F7 /* Foundation.framework */ = {isa = PBXFileReference; lastKnownFileType = wrapper.framework; name = Foundation.framework; path = System/Library/Frameworks/Foundation.framework; sourceTree = SDKROOT; };
		7CE04BC11950EEEF00DE97F7 /* CoreGraphics.framework */ = {isa = PBXFileReference; lastKnownFileType = wrapper.framework; name = CoreGraphics.framework; path = System/Library/Frameworks/CoreGraphics.framework; sourceTree = SDKROOT; };
		7CE04BC31950EEEF00DE97F7 /* UIKit.framework */ = {isa = PBXFileReference; lastKnownFileType = wrapper.framework; name = UIKit.framework; path = System/Library/Frameworks/UIKit.framework; sourceTree = SDKROOT; };
		7CE04BC71950EEEF00DE97F7 /* Pirate Adventure-Info.plist */ = {isa = PBXFileReference; lastKnownFileType = text.plist.xml; path = "Pirate Adventure-Info.plist"; sourceTree = "<group>"; };
		7CE04BC91950EEEF00DE97F7 /* en */ = {isa = PBXFileReference; lastKnownFileType = text.plist.strings; name = en; path = en.lproj/InfoPlist.strings; sourceTree = "<group>"; };
		7CE04BCB1950EEEF00DE97F7 /* main.m */ = {isa = PBXFileReference; lastKnownFileType = sourcecode.c.objc; path = main.m; sourceTree = "<group>"; };
		7CE04BCD1950EEEF00DE97F7 /* Pirate Adventure-Prefix.pch */ = {isa = PBXFileReference; lastKnownFileType = sourcecode.c.h; path = "Pirate Adventure-Prefix.pch"; sourceTree = "<group>"; };
		7CE04BCE1950EEEF00DE97F7 /* WLAppDelegate.h */ = {isa = PBXFileReference; lastKnownFileType = sourcecode.c.h; path = WLAppDelegate.h; sourceTree = "<group>"; };
		7CE04BCF1950EEEF00DE97F7 /* WLAppDelegate.m */ = {isa = PBXFileReference; lastKnownFileType = sourcecode.c.objc; path = WLAppDelegate.m; sourceTree = "<group>"; };
		7CE04BD21950EEEF00DE97F7 /* Base */ = {isa = PBXFileReference; lastKnownFileType = file.storyboard; name = Base; path = Base.lproj/Main.storyboard; sourceTree = "<group>"; };
		7CE04BD41950EEEF00DE97F7 /* WLViewController.h */ = {isa = PBXFileReference; lastKnownFileType = sourcecode.c.h; path = WLViewController.h; sourceTree = "<group>"; };
		7CE04BD51950EEEF00DE97F7 /* WLViewController.m */ = {isa = PBXFileReference; lastKnownFileType = sourcecode.c.objc; path = WLViewController.m; sourceTree = "<group>"; };
		7CE04BD71950EEEF00DE97F7 /* Images.xcassets */ = {isa = PBXFileReference; lastKnownFileType = folder.assetcatalog; path = Images.xcassets; sourceTree = "<group>"; };
		7CE04BDD1950EEEF00DE97F7 /* Pirate AdventureTests.xctest */ = {isa = PBXFileReference; explicitFileType = wrapper.cfbundle; includeInIndex = 0; path = "Pirate AdventureTests.xctest"; sourceTree = BUILT_PRODUCTS_DIR; };
		7CE04BDE1950EEEF00DE97F7 /* XCTest.framework */ = {isa = PBXFileReference; lastKnownFileType = wrapper.framework; name = XCTest.framework; path = Library/Frameworks/XCTest.framework; sourceTree = DEVELOPER_DIR; };
		7CE04BE61950EEEF00DE97F7 /* Pirate AdventureTests-Info.plist */ = {isa = PBXFileReference; lastKnownFileType = text.plist.xml; path = "Pirate AdventureTests-Info.plist"; sourceTree = "<group>"; };
		7CE04BE81950EEEF00DE97F7 /* en */ = {isa = PBXFileReference; lastKnownFileType = text.plist.strings; name = en; path = en.lproj/InfoPlist.strings; sourceTree = "<group>"; };
		7CE04BEA1950EEEF00DE97F7 /* Pirate_AdventureTests.m */ = {isa = PBXFileReference; lastKnownFileType = sourcecode.c.objc; path = Pirate_AdventureTests.m; sourceTree = "<group>"; };
/* End PBXFileReference section */

/* Begin PBXFrameworksBuildPhase section */
		7CE04BB91950EEEF00DE97F7 /* Frameworks */ = {
			isa = PBXFrameworksBuildPhase;
			buildActionMask = 2147483647;
			files = (
				7CE04BC21950EEEF00DE97F7 /* CoreGraphics.framework in Frameworks */,
				7CE04BC41950EEEF00DE97F7 /* UIKit.framework in Frameworks */,
				7CE04BC01950EEEF00DE97F7 /* Foundation.framework in Frameworks */,
			);
			runOnlyForDeploymentPostprocessing = 0;
		};
		7CE04BDA1950EEEF00DE97F7 /* Frameworks */ = {
			isa = PBXFrameworksBuildPhase;
			buildActionMask = 2147483647;
			files = (
				7CE04BDF1950EEEF00DE97F7 /* XCTest.framework in Frameworks */,
				7CE04BE11950EEEF00DE97F7 /* UIKit.framework in Frameworks */,
				7CE04BE01950EEEF00DE97F7 /* Foundation.framework in Frameworks */,
			);
			runOnlyForDeploymentPostprocessing = 0;
		};
/* End PBXFrameworksBuildPhase section */

/* Begin PBXGroup section */
		7CE04BB31950EEEF00DE97F7 = {
			isa = PBXGroup;
			children = (
				7CE04BC51950EEEF00DE97F7 /* Pirate Adventure */,
				7CE04BE41950EEEF00DE97F7 /* Pirate AdventureTests */,
				7CE04BBE1950EEEF00DE97F7 /* Frameworks */,
				7CE04BBD1950EEEF00DE97F7 /* Products */,
			);
			sourceTree = "<group>";
		};
		7CE04BBD1950EEEF00DE97F7 /* Products */ = {
			isa = PBXGroup;
			children = (
				7CE04BBC1950EEEF00DE97F7 /* Pirate Adventure.app */,
				7CE04BDD1950EEEF00DE97F7 /* Pirate AdventureTests.xctest */,
			);
			name = Products;
			sourceTree = "<group>";
		};
		7CE04BBE1950EEEF00DE97F7 /* Frameworks */ = {
			isa = PBXGroup;
			children = (
				7CE04BBF1950EEEF00DE97F7 /* Foundation.framework */,
				7CE04BC11950EEEF00DE97F7 /* CoreGraphics.framework */,
				7CE04BC31950EEEF00DE97F7 /* UIKit.framework */,
				7CE04BDE1950EEEF00DE97F7 /* XCTest.framework */,
			);
			name = Frameworks;
			sourceTree = "<group>";
		};
		7CE04BC51950EEEF00DE97F7 /* Pirate Adventure */ = {
			isa = PBXGroup;
			children = (
				7CE04BCE1950EEEF00DE97F7 /* WLAppDelegate.h */,
				7CE04BCF1950EEEF00DE97F7 /* WLAppDelegate.m */,
				7CE04BD11950EEEF00DE97F7 /* Main.storyboard */,
				7CE04BD41950EEEF00DE97F7 /* WLViewController.h */,
				7CE04BD51950EEEF00DE97F7 /* WLViewController.m */,
				7CE04BD71950EEEF00DE97F7 /* Images.xcassets */,
				7CE04BC61950EEEF00DE97F7 /* Supporting Files */,
			);
			path = "Pirate Adventure";
			sourceTree = "<group>";
		};
		7CE04BC61950EEEF00DE97F7 /* Supporting Files */ = {
			isa = PBXGroup;
			children = (
				7CE04BC71950EEEF00DE97F7 /* Pirate Adventure-Info.plist */,
				7CE04BC81950EEEF00DE97F7 /* InfoPlist.strings */,
				7CE04BCB1950EEEF00DE97F7 /* main.m */,
				7CE04BCD1950EEEF00DE97F7 /* Pirate Adventure-Prefix.pch */,
			);
			name = "Supporting Files";
			sourceTree = "<group>";
		};
		7CE04BE41950EEEF00DE97F7 /* Pirate AdventureTests */ = {
			isa = PBXGroup;
			children = (
				7CE04BEA1950EEEF00DE97F7 /* Pirate_AdventureTests.m */,
				7CE04BE51950EEEF00DE97F7 /* Supporting Files */,
			);
			path = "Pirate AdventureTests";
			sourceTree = "<group>";
		};
		7CE04BE51950EEEF00DE97F7 /* Supporting Files */ = {
			isa = PBXGroup;
			children = (
				7CE04BE61950EEEF00DE97F7 /* Pirate AdventureTests-Info.plist */,
				7CE04BE71950EEEF00DE97F7 /* InfoPlist.strings */,
			);
			name = "Supporting Files";
			sourceTree = "<group>";
		};
/* End PBXGroup section */

/* Begin PBXNativeTarget section */
		7CE04BBB1950EEEF00DE97F7 /* Pirate Adventure */ = {
			isa = PBXNativeTarget;
			buildConfigurationList = 7CE04BEE1950EEEF00DE97F7 /* Build configuration list for PBXNativeTarget "Pirate Adventure" */;
			buildPhases = (
				7CE04BB81950EEEF00DE97F7 /* Sources */,
				7CE04BB91950EEEF00DE97F7 /* Frameworks */,
				7CE04BBA1950EEEF00DE97F7 /* Resources */,
			);
			buildRules = (
			);
			dependencies = (
			);
			name = "Pirate Adventure";
			productName = "Pirate Adventure";
			productReference = 7CE04BBC1950EEEF00DE97F7 /* Pirate Adventure.app */;
			productType = "com.apple.product-type.application";
		};
		7CE04BDC1950EEEF00DE97F7 /* Pirate AdventureTests */ = {
			isa = PBXNativeTarget;
			buildConfigurationList = 7CE04BF11950EEEF00DE97F7 /* Build configuration list for PBXNativeTarget "Pirate AdventureTests" */;
			buildPhases = (
				7CE04BD91950EEEF00DE97F7 /* Sources */,
				7CE04BDA1950EEEF00DE97F7 /* Frameworks */,
				7CE04BDB1950EEEF00DE97F7 /* Resources */,
			);
			buildRules = (
			);
			dependencies = (
				7CE04BE31950EEEF00DE97F7 /* PBXTargetDependency */,
			);
			name = "Pirate AdventureTests";
			productName = "Pirate AdventureTests";
			productReference = 7CE04BDD1950EEEF00DE97F7 /* Pirate AdventureTests.xctest */;
			productType = "com.apple.product-type.bundle.unit-test";
		};
/* End PBXNativeTarget section */

/* Begin PBXProject section */
		7CE04BB41950EEEF00DE97F7 /* Project object */ = {
			isa = PBXProject;
			attributes = {
				CLASSPREFIX = WL;
				LastUpgradeCheck = 0510;
				ORGANIZATIONNAME = "Leon Liang Wu";
				TargetAttributes = {
					7CE04BDC1950EEEF00DE97F7 = {
						TestTargetID = 7CE04BBB1950EEEF00DE97F7;
					};
				};
			};
			buildConfigurationList = 7CE04BB71950EEEF00DE97F7 /* Build configuration list for PBXProject "Pirate Adventure" */;
			compatibilityVersion = "Xcode 3.2";
			developmentRegion = English;
			hasScannedForEncodings = 0;
			knownRegions = (
				en,
				Base,
			);
			mainGroup = 7CE04BB31950EEEF00DE97F7;
			productRefGroup = 7CE04BBD1950EEEF00DE97F7 /* Products */;
			projectDirPath = "";
			projectRoot = "";
			targets = (
				7CE04BBB1950EEEF00DE97F7 /* Pirate Adventure */,
				7CE04BDC1950EEEF00DE97F7 /* Pirate AdventureTests */,
			);
		};
/* End PBXProject section */

/* Begin PBXResourcesBuildPhase section */
		7CE04BBA1950EEEF00DE97F7 /* Resources */ = {
			isa = PBXResourcesBuildPhase;
			buildActionMask = 2147483647;
			files = (
				7CE04BD81950EEEF00DE97F7 /* Images.xcassets in Resources */,
				7CE04BCA1950EEEF00DE97F7 /* InfoPlist.strings in Resources */,
				7CE04BD31950EEEF00DE97F7 /* Main.storyboard in Resources */,
			);
			runOnlyForDeploymentPostprocessing = 0;
		};
		7CE04BDB1950EEEF00DE97F7 /* Resources */ = {
			isa = PBXResourcesBuildPhase;
			buildActionMask = 2147483647;
			files = (
				7CE04BE91950EEEF00DE97F7 /* InfoPlist.strings in Resources */,
			);
			runOnlyForDeploymentPostprocessing = 0;
		};
/* End PBXResourcesBuildPhase section */

/* Begin PBXSourcesBuildPhase section */
		7CE04BB81950EEEF00DE97F7 /* Sources */ = {
			isa = PBXSourcesBuildPhase;
			buildActionMask = 2147483647;
			files = (
				7CE04BD61950EEEF00DE97F7 /* WLViewController.m in Sources */,
				7CE04BCC1950EEEF00DE97F7 /* main.m in Sources */,
				7CE04BD01950EEEF00DE97F7 /* WLAppDelegate.m in Sources */,
			);
			runOnlyForDeploymentPostprocessing = 0;
		};
		7CE04BD91950EEEF00DE97F7 /* Sources */ = {
			isa = PBXSourcesBuildPhase;
			buildActionMask = 2147483647;
			files = (
				7CE04BEB1950EEEF00DE97F7 /* Pirate_AdventureTests.m in Sources */,
			);
			runOnlyForDeploymentPostprocessing = 0;
		};
/* End PBXSourcesBuildPhase section */

/* Begin PBXTargetDependency section */
		7CE04BE31950EEEF00DE97F7 /* PBXTargetDependency */ = {
			isa = PBXTargetDependency;
			target = 7CE04BBB1950EEEF00DE97F7 /* Pirate Adventure */;
			targetProxy = 7CE04BE21950EEEF00DE97F7 /* PBXContainerItemProxy */;
		};
/* End PBXTargetDependency section */

/* Begin PBXVariantGroup section */
		7CE04BC81950EEEF00DE97F7 /* InfoPlist.strings */ = {
			isa = PBXVariantGroup;
			children = (
				7CE04BC91950EEEF00DE97F7 /* en */,
			);
			name = InfoPlist.strings;
			sourceTree = "<group>";
		};
		7CE04BD11950EEEF00DE97F7 /* Main.storyboard */ = {
			isa = PBXVariantGroup;
			children = (
				7CE04BD21950EEEF00DE97F7 /* Base */,
			);
			name = Main.storyboard;
			sourceTree = "<group>";
		};
		7CE04BE71950EEEF00DE97F7 /* InfoPlist.strings */ = {
			isa = PBXVariantGroup;
			children = (
				7CE04BE81950EEEF00DE97F7 /* en */,
			);
			name = InfoPlist.strings;
			sourceTree = "<group>";
		};
/* End PBXVariantGroup section */

/* Begin XCBuildConfiguration section */
		7CE04BEC1950EEEF00DE97F7 /* Debug */ = {
			isa = XCBuildConfiguration;
			buildSettings = {
				ALWAYS_SEARCH_USER_PATHS = NO;
				CLANG_CXX_LANGUAGE_STANDARD = "gnu++0x";
				CLANG_CXX_LIBRARY = "libc++";
				CLANG_ENABLE_MODULES = YES;
				CLANG_ENABLE_OBJC_ARC = YES;
				CLANG_WARN_BOOL_CONVERSION = YES;
				CLANG_WARN_CONSTANT_CONVERSION = YES;
				CLANG_WARN_DIRECT_OBJC_ISA_USAGE = YES_ERROR;
				CLANG_WARN_EMPTY_BODY = YES;
				CLANG_WARN_ENUM_CONVERSION = YES;
				CLANG_WARN_INT_CONVERSION = YES;
				CLANG_WARN_OBJC_ROOT_CLASS = YES_ERROR;
				CLANG_WARN__DUPLICATE_METHOD_MATCH = YES;
				"CODE_SIGN_IDENTITY[sdk=iphoneos*]" = "iPhone Developer";
				COPY_PHASE_STRIP = NO;
				GCC_C_LANGUAGE_STANDARD = gnu99;
				GCC_DYNAMIC_NO_PIC = NO;
				GCC_OPTIMIZATION_LEVEL = 0;
				GCC_PREPROCESSOR_DEFINITIONS = (
					"DEBUG=1",
					"$(inherited)",
				);
				GCC_SYMBOLS_PRIVATE_EXTERN = NO;
				GCC_WARN_64_TO_32_BIT_CONVERSION = YES;
				GCC_WARN_ABOUT_RETURN_TYPE = YES_ERROR;
				GCC_WARN_UNDECLARED_SELECTOR = YES;
				GCC_WARN_UNINITIALIZED_AUTOS = YES_AGGRESSIVE;
				GCC_WARN_UNUSED_FUNCTION = YES;
				GCC_WARN_UNUSED_VARIABLE = YES;
				IPHONEOS_DEPLOYMENT_TARGET = 7.1;
				ONLY_ACTIVE_ARCH = YES;
				SDKROOT = iphoneos;
			};
			name = Debug;
		};
		7CE04BED1950EEEF00DE97F7 /* Release */ = {
			isa = XCBuildConfiguration;
			buildSettings = {
				ALWAYS_SEARCH_USER_PATHS = NO;
				CLANG_CXX_LANGUAGE_STANDARD = "gnu++0x";
				CLANG_CXX_LIBRARY = "libc++";
				CLANG_ENABLE_MODULES = YES;
				CLANG_ENABLE_OBJC_ARC = YES;
				CLANG_WARN_BOOL_CONVERSION = YES;
				CLANG_WARN_CONSTANT_CONVERSION = YES;
				CLANG_WARN_DIRECT_OBJC_ISA_USAGE = YES_ERROR;
				CLANG_WARN_EMPTY_BODY = YES;
				CLANG_WARN_ENUM_CONVERSION = YES;
				CLANG_WARN_INT_CONVERSION = YES;
				CLANG_WARN_OBJC_ROOT_CLASS = YES_ERROR;
				CLANG_WARN__DUPLICATE_METHOD_MATCH = YES;
				"CODE_SIGN_IDENTITY[sdk=iphoneos*]" = "iPhone Developer";
				COPY_PHASE_STRIP = YES;
				ENABLE_NS_ASSERTIONS = NO;
				GCC_C_LANGUAGE_STANDARD = gnu99;
				GCC_WARN_64_TO_32_BIT_CONVERSION = YES;
				GCC_WARN_ABOUT_RETURN_TYPE = YES_ERROR;
				GCC_WARN_UNDECLARED_SELECTOR = YES;
				GCC_WARN_UNINITIALIZED_AUTOS = YES_AGGRESSIVE;
				GCC_WARN_UNUSED_FUNCTION = YES;
				GCC_WARN_UNUSED_VARIABLE = YES;
				IPHONEOS_DEPLOYMENT_TARGET = 7.1;
				SDKROOT = iphoneos;
				VALIDATE_PRODUCT = YES;
			};
			name = Release;
		};
		7CE04BEF1950EEEF00DE97F7 /* Debug */ = {
			isa = XCBuildConfiguration;
			buildSettings = {
				ASSETCATALOG_COMPILER_APPICON_NAME = AppIcon;
				ASSETCATALOG_COMPILER_LAUNCHIMAGE_NAME = LaunchImage;
				GCC_PRECOMPILE_PREFIX_HEADER = YES;
				GCC_PREFIX_HEADER = "Pirate Adventure/Pirate Adventure-Prefix.pch";
				INFOPLIST_FILE = "Pirate Adventure/Pirate Adventure-Info.plist";
				PRODUCT_NAME = "$(TARGET_NAME)";
				WRAPPER_EXTENSION = app;
			};
			name = Debug;
		};
		7CE04BF01950EEEF00DE97F7 /* Release */ = {
			isa = XCBuildConfiguration;
			buildSettings = {
				ASSETCATALOG_COMPILER_APPICON_NAME = AppIcon;
				ASSETCATALOG_COMPILER_LAUNCHIMAGE_NAME = LaunchImage;
				GCC_PRECOMPILE_PREFIX_HEADER = YES;
				GCC_PREFIX_HEADER = "Pirate Adventure/Pirate Adventure-Prefix.pch";
				INFOPLIST_FILE = "Pirate Adventure/Pirate Adventure-Info.plist";
				PRODUCT_NAME = "$(TARGET_NAME)";
				WRAPPER_EXTENSION = app;
			};
			name = Release;
		};
		7CE04BF21950EEEF00DE97F7 /* Debug */ = {
			isa = XCBuildConfiguration;
			buildSettings = {
				BUNDLE_LOADER = "$(BUILT_PRODUCTS_DIR)/Pirate Adventure.app/Pirate Adventure";
				FRAMEWORK_SEARCH_PATHS = (
					"$(SDKROOT)/Developer/Library/Frameworks",
					"$(inherited)",
					"$(DEVELOPER_FRAMEWORKS_DIR)",
				);
				GCC_PRECOMPILE_PREFIX_HEADER = YES;
				GCC_PREFIX_HEADER = "Pirate Adventure/Pirate Adventure-Prefix.pch";
				GCC_PREPROCESSOR_DEFINITIONS = (
					"DEBUG=1",
					"$(inherited)",
				);
				INFOPLIST_FILE = "Pirate AdventureTests/Pirate AdventureTests-Info.plist";
				PRODUCT_NAME = "$(TARGET_NAME)";
				TEST_HOST = "$(BUNDLE_LOADER)";
				WRAPPER_EXTENSION = xctest;
			};
			name = Debug;
		};
		7CE04BF31950EEEF00DE97F7 /* Release */ = {
			isa = XCBuildConfiguration;
			buildSettings = {
				BUNDLE_LOADER = "$(BUILT_PRODUCTS_DIR)/Pirate Adventure.app/Pirate Adventure";
				FRAMEWORK_SEARCH_PATHS = (
					"$(SDKROOT)/Developer/Library/Frameworks",
					"$(inherited)",
					"$(DEVELOPER_FRAMEWORKS_DIR)",
				);
				GCC_PRECOMPILE_PREFIX_HEADER = YES;
				GCC_PREFIX_HEADER = "Pirate Adventure/Pirate Adventure-Prefix.pch";
				INFOPLIST_FILE = "Pirate AdventureTests/Pirate AdventureTests-Info.plist";
				PRODUCT_NAME = "$(TARGET_NAME)";
				TEST_HOST = "$(BUNDLE_LOADER)";
				WRAPPER_EXTENSION = xctest;
			};
			name = Release;
		};
/* End XCBuildConfiguration section */

/* Begin XCConfigurationList section */
		7CE04BB71950EEEF00DE97F7 /* Build configuration list for PBXProject "Pirate Adventure" */ = {
			isa = XCConfigurationList;
			buildConfigurations = (
				7CE04BEC1950EEEF00DE97F7 /* Debug */,
				7CE04BED1950EEEF00DE97F7 /* Release */,
			);
			defaultConfigurationIsVisible = 0;
			defaultConfigurationName = Release;
		};
		7CE04BEE1950EEEF00DE97F7 /* Build configuration list for PBXNativeTarget "Pirate Adventure" */ = {
			isa = XCConfigurationList;
			buildConfigurations = (
				7CE04BEF1950EEEF00DE97F7 /* Debug */,
				7CE04BF01950EEEF00DE97F7 /* Release */,
			);
			defaultConfigurationIsVisible = 0;
		};
		7CE04BF11950EEEF00DE97F7 /* Build configuration list for PBXNativeTarget "Pirate AdventureTests" */ = {
			isa = XCConfigurationList;
			buildConfigurations = (
				7CE04BF21950EEEF00DE97F7 /* Debug */,
				7CE04BF31950EEEF00DE97F7 /* Release */,
			);
			defaultConfigurationIsVisible = 0;
		};
/* End XCConfigurationList section */
	};
	rootObject = 7CE04BB41950EEEF00DE97F7 /* Project object */;
}
